
Microsoft Visual Studio Solution File, Format Version 12.00
# Visual Studio Version 17
VisualStudioVersion = 17.10.34928.147
MinimumVisualStudioVersion = 10.0.40219.1
Project("{8BC9CEB8-8B4A-11D0-8D11-00A0C91BC942}") = "PrintString", "PrintString\PrintString.vcxproj", "{4B4A8DB1-0634-473D-8105-1EB009255B83}"
EndProject
Project("{2150E333-8FDC-42A3-9474-1A3956D46DE8}") = "Basic", "Basic", "{8A6721A2-EE02-4939-A674-DEC06AB90C39}"
EndProject
Project("{8BC9CEB8-8B4A-11D0-8D11-00A0C91BC942}") = "Print_A_B", "Print_A_B\Print_A_B.vcxproj", "{6E858018-C15A-4DCB-A872-F9FCCED46216}"
EndProject
Project("{8BC9CEB8-8B4A-11D0-8D11-00A0C91BC942}") = "PrintRepeatString", "PrintRepeatString\PrintRepeatString.vcxproj", "{10D45A31-DE46-4F10-924B-EFEB0F19CB79}"
EndProject
Project("{8BC9CEB8-8B4A-11D0-8D11-00A0C91BC942}") = "PrintLowerUpper", "PrintLowerUpper\PrintLowerUpper.vcxproj", "{411A0584-16DD-4F11-9320-702809A76EEF}"
EndProject
Project("{8BC9CEB8-8B4A-11D0-8D11-00A0C91BC942}") = "PrintSpecialCharacter", "PrintSpecialCharacter\PrintSpecialCharacter.vcxproj", "{8F9097EB-63D8-4DF6-A467-A7D74FF46147}"
EndProject
Project("{2150E333-8FDC-42A3-9474-1A3956D46DE8}") = "Day1", "Day1", "{187C9AB2-A51A-4F4E-8516-6664658C53BC}"
EndProject
Project("{2150E333-8FDC-42A3-9474-1A3956D46DE8}") = "Day2", "Day2", "{6392AEDA-8F38-4FDC-8D53-BFC7E40DA7B9}"
EndProject
Project("{8BC9CEB8-8B4A-11D0-8D11-00A0C91BC942}") = "PrintAdd", "PrintAdd\PrintAdd.vcxproj", "{88EA5150-1C09-488D-B974-95FFD49AB264}"
EndProject
Project("{8BC9CEB8-8B4A-11D0-8D11-00A0C91BC942}") = "PrintStickString", "PrintStickString\PrintStickString.vcxproj", "{31E98E33-C616-4E24-B22B-5481D8331DA2}"
EndProject
Project("{8BC9CEB8-8B4A-11D0-8D11-00A0C91BC942}") = "PrintTwistString", "PrintTwistString\PrintTwistString.vcxproj", "{3BD2DB84-07FF-4FCD-855C-AEAC398865B3}"
EndProject
Project("{8BC9CEB8-8B4A-11D0-8D11-00A0C91BC942}") = "ClassifyEvenOdd", "ClassifyEvenOdd\ClassifyEvenOdd.vcxproj", "{38C0C053-252E-4B77-9619-814296ABAFC5}"
EndProject
Project("{8BC9CEB8-8B4A-11D0-8D11-00A0C91BC942}") = "OverwriteString", "OverwriteString\OverwriteString.vcxproj", "{BC9EA0DC-2F1F-429F-91EA-111B3B990908}"
EndProject
Project("{2150E333-8FDC-42A3-9474-1A3956D46DE8}") = "Day3", "Day3", "{11E9E001-57F6-4382-9655-9660B98DB8F9}"
EndProject
Project("{8BC9CEB8-8B4A-11D0-8D11-00A0C91BC942}") = "StringShuffle", "StringShuffle\StringShuffle.vcxproj", "{4E75B350-C2B6-41A2-9AB1-0FA8EFED917A}"
EndProject
Project("{8BC9CEB8-8B4A-11D0-8D11-00A0C91BC942}") = "ConvertVectorStringToString", "ConvertVectorStringToString\ConvertVectorStringToString.vcxproj", "{982AE53B-78C2-4A67-A720-B2EF99F75B61}"
EndProject
Project("{8BC9CEB8-8B4A-11D0-8D11-00A0C91BC942}") = "StringMultiple", "StringMultiple\StringMultiple.vcxproj", "{F61F6521-1325-4154-9D3D-AA15CFA7037D}"
EndProject
Project("{8BC9CEB8-8B4A-11D0-8D11-00A0C91BC942}") = "AddMoreBig", "AddMoreBig\AddMoreBig.vcxproj", "{710719ED-94B9-40FD-88EB-E56548059A6F}"
EndProject
Global
	GlobalSection(SolutionConfigurationPlatforms) = preSolution
		Debug|x64 = Debug|x64
		Debug|x86 = Debug|x86
		Release|x64 = Release|x64
		Release|x86 = Release|x86
	EndGlobalSection
	GlobalSection(ProjectConfigurationPlatforms) = postSolution
		{4B4A8DB1-0634-473D-8105-1EB009255B83}.Debug|x64.ActiveCfg = Debug|x64
		{4B4A8DB1-0634-473D-8105-1EB009255B83}.Debug|x64.Build.0 = Debug|x64
		{4B4A8DB1-0634-473D-8105-1EB009255B83}.Debug|x86.ActiveCfg = Debug|Win32
		{4B4A8DB1-0634-473D-8105-1EB009255B83}.Debug|x86.Build.0 = Debug|Win32
		{4B4A8DB1-0634-473D-8105-1EB009255B83}.Release|x64.ActiveCfg = Release|x64
		{4B4A8DB1-0634-473D-8105-1EB009255B83}.Release|x64.Build.0 = Release|x64
		{4B4A8DB1-0634-473D-8105-1EB009255B83}.Release|x86.ActiveCfg = Release|Win32
		{4B4A8DB1-0634-473D-8105-1EB009255B83}.Release|x86.Build.0 = Release|Win32
		{6E858018-C15A-4DCB-A872-F9FCCED46216}.Debug|x64.ActiveCfg = Debug|x64
		{6E858018-C15A-4DCB-A872-F9FCCED46216}.Debug|x64.Build.0 = Debug|x64
		{6E858018-C15A-4DCB-A872-F9FCCED46216}.Debug|x86.ActiveCfg = Debug|Win32
		{6E858018-C15A-4DCB-A872-F9FCCED46216}.Debug|x86.Build.0 = Debug|Win32
		{6E858018-C15A-4DCB-A872-F9FCCED46216}.Release|x64.ActiveCfg = Release|x64
		{6E858018-C15A-4DCB-A872-F9FCCED46216}.Release|x64.Build.0 = Release|x64
		{6E858018-C15A-4DCB-A872-F9FCCED46216}.Release|x86.ActiveCfg = Release|Win32
		{6E858018-C15A-4DCB-A872-F9FCCED46216}.Release|x86.Build.0 = Release|Win32
		{10D45A31-DE46-4F10-924B-EFEB0F19CB79}.Debug|x64.ActiveCfg = Debug|x64
		{10D45A31-DE46-4F10-924B-EFEB0F19CB79}.Debug|x64.Build.0 = Debug|x64
		{10D45A31-DE46-4F10-924B-EFEB0F19CB79}.Debug|x86.ActiveCfg = Debug|Win32
		{10D45A31-DE46-4F10-924B-EFEB0F19CB79}.Debug|x86.Build.0 = Debug|Win32
		{10D45A31-DE46-4F10-924B-EFEB0F19CB79}.Release|x64.ActiveCfg = Release|x64
		{10D45A31-DE46-4F10-924B-EFEB0F19CB79}.Release|x64.Build.0 = Release|x64
		{10D45A31-DE46-4F10-924B-EFEB0F19CB79}.Release|x86.ActiveCfg = Release|Win32
		{10D45A31-DE46-4F10-924B-EFEB0F19CB79}.Release|x86.Build.0 = Release|Win32
		{411A0584-16DD-4F11-9320-702809A76EEF}.Debug|x64.ActiveCfg = Debug|x64
		{411A0584-16DD-4F11-9320-702809A76EEF}.Debug|x64.Build.0 = Debug|x64
		{411A0584-16DD-4F11-9320-702809A76EEF}.Debug|x86.ActiveCfg = Debug|Win32
		{411A0584-16DD-4F11-9320-702809A76EEF}.Debug|x86.Build.0 = Debug|Win32
		{411A0584-16DD-4F11-9320-702809A76EEF}.Release|x64.ActiveCfg = Release|x64
		{411A0584-16DD-4F11-9320-702809A76EEF}.Release|x64.Build.0 = Release|x64
		{411A0584-16DD-4F11-9320-702809A76EEF}.Release|x86.ActiveCfg = Release|Win32
		{411A0584-16DD-4F11-9320-702809A76EEF}.Release|x86.Build.0 = Release|Win32
		{8F9097EB-63D8-4DF6-A467-A7D74FF46147}.Debug|x64.ActiveCfg = Debug|x64
		{8F9097EB-63D8-4DF6-A467-A7D74FF46147}.Debug|x64.Build.0 = Debug|x64
		{8F9097EB-63D8-4DF6-A467-A7D74FF46147}.Debug|x86.ActiveCfg = Debug|Win32
		{8F9097EB-63D8-4DF6-A467-A7D74FF46147}.Debug|x86.Build.0 = Debug|Win32
		{8F9097EB-63D8-4DF6-A467-A7D74FF46147}.Release|x64.ActiveCfg = Release|x64
		{8F9097EB-63D8-4DF6-A467-A7D74FF46147}.Release|x64.Build.0 = Release|x64
		{8F9097EB-63D8-4DF6-A467-A7D74FF46147}.Release|x86.ActiveCfg = Release|Win32
		{8F9097EB-63D8-4DF6-A467-A7D74FF46147}.Release|x86.Build.0 = Release|Win32
		{88EA5150-1C09-488D-B974-95FFD49AB264}.Debug|x64.ActiveCfg = Debug|x64
		{88EA5150-1C09-488D-B974-95FFD49AB264}.Debug|x64.Build.0 = Debug|x64
		{88EA5150-1C09-488D-B974-95FFD49AB264}.Debug|x86.ActiveCfg = Debug|Win32
		{88EA5150-1C09-488D-B974-95FFD49AB264}.Debug|x86.Build.0 = Debug|Win32
		{88EA5150-1C09-488D-B974-95FFD49AB264}.Release|x64.ActiveCfg = Release|x64
		{88EA5150-1C09-488D-B974-95FFD49AB264}.Release|x64.Build.0 = Release|x64
		{88EA5150-1C09-488D-B974-95FFD49AB264}.Release|x86.ActiveCfg = Release|Win32
		{88EA5150-1C09-488D-B974-95FFD49AB264}.Release|x86.Build.0 = Release|Win32
		{31E98E33-C616-4E24-B22B-5481D8331DA2}.Debug|x64.ActiveCfg = Debug|x64
		{31E98E33-C616-4E24-B22B-5481D8331DA2}.Debug|x64.Build.0 = Debug|x64
		{31E98E33-C616-4E24-B22B-5481D8331DA2}.Debug|x86.ActiveCfg = Debug|Win32
		{31E98E33-C616-4E24-B22B-5481D8331DA2}.Debug|x86.Build.0 = Debug|Win32
		{31E98E33-C616-4E24-B22B-5481D8331DA2}.Release|x64.ActiveCfg = Release|x64
		{31E98E33-C616-4E24-B22B-5481D8331DA2}.Release|x64.Build.0 = Release|x64
		{31E98E33-C616-4E24-B22B-5481D8331DA2}.Release|x86.ActiveCfg = Release|Win32
		{31E98E33-C616-4E24-B22B-5481D8331DA2}.Release|x86.Build.0 = Release|Win32
		{3BD2DB84-07FF-4FCD-855C-AEAC398865B3}.Debug|x64.ActiveCfg = Debug|x64
		{3BD2DB84-07FF-4FCD-855C-AEAC398865B3}.Debug|x64.Build.0 = Debug|x64
		{3BD2DB84-07FF-4FCD-855C-AEAC398865B3}.Debug|x86.ActiveCfg = Debug|Win32
		{3BD2DB84-07FF-4FCD-855C-AEAC398865B3}.Debug|x86.Build.0 = Debug|Win32
		{3BD2DB84-07FF-4FCD-855C-AEAC398865B3}.Release|x64.ActiveCfg = Release|x64
		{3BD2DB84-07FF-4FCD-855C-AEAC398865B3}.Release|x64.Build.0 = Release|x64
		{3BD2DB84-07FF-4FCD-855C-AEAC398865B3}.Release|x86.ActiveCfg = Release|Win32
		{3BD2DB84-07FF-4FCD-855C-AEAC398865B3}.Release|x86.Build.0 = Release|Win32
		{38C0C053-252E-4B77-9619-814296ABAFC5}.Debug|x64.ActiveCfg = Debug|x64
		{38C0C053-252E-4B77-9619-814296ABAFC5}.Debug|x64.Build.0 = Debug|x64
		{38C0C053-252E-4B77-9619-814296ABAFC5}.Debug|x86.ActiveCfg = Debug|Win32
		{38C0C053-252E-4B77-9619-814296ABAFC5}.Debug|x86.Build.0 = Debug|Win32
		{38C0C053-252E-4B77-9619-814296ABAFC5}.Release|x64.ActiveCfg = Release|x64
		{38C0C053-252E-4B77-9619-814296ABAFC5}.Release|x64.Build.0 = Release|x64
		{38C0C053-252E-4B77-9619-814296ABAFC5}.Release|x86.ActiveCfg = Release|Win32
		{38C0C053-252E-4B77-9619-814296ABAFC5}.Release|x86.Build.0 = Release|Win32
		{BC9EA0DC-2F1F-429F-91EA-111B3B990908}.Debug|x64.ActiveCfg = Debug|x64
		{BC9EA0DC-2F1F-429F-91EA-111B3B990908}.Debug|x64.Build.0 = Debug|x64
		{BC9EA0DC-2F1F-429F-91EA-111B3B990908}.Debug|x86.ActiveCfg = Debug|Win32
		{BC9EA0DC-2F1F-429F-91EA-111B3B990908}.Debug|x86.Build.0 = Debug|Win32
		{BC9EA0DC-2F1F-429F-91EA-111B3B990908}.Release|x64.ActiveCfg = Release|x64
		{BC9EA0DC-2F1F-429F-91EA-111B3B990908}.Release|x64.Build.0 = Release|x64
		{BC9EA0DC-2F1F-429F-91EA-111B3B990908}.Release|x86.ActiveCfg = Release|Win32
		{BC9EA0DC-2F1F-429F-91EA-111B3B990908}.Release|x86.Build.0 = Release|Win32
		{4E75B350-C2B6-41A2-9AB1-0FA8EFED917A}.Debug|x64.ActiveCfg = Debug|x64
		{4E75B350-C2B6-41A2-9AB1-0FA8EFED917A}.Debug|x64.Build.0 = Debug|x64
		{4E75B350-C2B6-41A2-9AB1-0FA8EFED917A}.Debug|x86.ActiveCfg = Debug|Win32
		{4E75B350-C2B6-41A2-9AB1-0FA8EFED917A}.Debug|x86.Build.0 = Debug|Win32
		{4E75B350-C2B6-41A2-9AB1-0FA8EFED917A}.Release|x64.ActiveCfg = Release|x64
		{4E75B350-C2B6-41A2-9AB1-0FA8EFED917A}.Release|x64.Build.0 = Release|x64
		{4E75B350-C2B6-41A2-9AB1-0FA8EFED917A}.Release|x86.ActiveCfg = Release|Win32
		{4E75B350-C2B6-41A2-9AB1-0FA8EFED917A}.Release|x86.Build.0 = Release|Win32
		{982AE53B-78C2-4A67-A720-B2EF99F75B61}.Debug|x64.ActiveCfg = Debug|x64
		{982AE53B-78C2-4A67-A720-B2EF99F75B61}.Debug|x64.Build.0 = Debug|x64
		{982AE53B-78C2-4A67-A720-B2EF99F75B61}.Debug|x86.ActiveCfg = Debug|Win32
		{982AE53B-78C2-4A67-A720-B2EF99F75B61}.Debug|x86.Build.0 = Debug|Win32
		{982AE53B-78C2-4A67-A720-B2EF99F75B61}.Release|x64.ActiveCfg = Release|x64
		{982AE53B-78C2-4A67-A720-B2EF99F75B61}.Release|x64.Build.0 = Release|x64
		{982AE53B-78C2-4A67-A720-B2EF99F75B61}.Release|x86.ActiveCfg = Release|Win32
		{982AE53B-78C2-4A67-A720-B2EF99F75B61}.Release|x86.Build.0 = Release|Win32
		{F61F6521-1325-4154-9D3D-AA15CFA7037D}.Debug|x64.ActiveCfg = Debug|x64
		{F61F6521-1325-4154-9D3D-AA15CFA7037D}.Debug|x64.Build.0 = Debug|x64
		{F61F6521-1325-4154-9D3D-AA15CFA7037D}.Debug|x86.ActiveCfg = Debug|Win32
		{F61F6521-1325-4154-9D3D-AA15CFA7037D}.Debug|x86.Build.0 = Debug|Win32
		{F61F6521-1325-4154-9D3D-AA15CFA7037D}.Release|x64.ActiveCfg = Release|x64
		{F61F6521-1325-4154-9D3D-AA15CFA7037D}.Release|x64.Build.0 = Release|x64
		{F61F6521-1325-4154-9D3D-AA15CFA7037D}.Release|x86.ActiveCfg = Release|Win32
		{F61F6521-1325-4154-9D3D-AA15CFA7037D}.Release|x86.Build.0 = Release|Win32
		{710719ED-94B9-40FD-88EB-E56548059A6F}.Debug|x64.ActiveCfg = Debug|x64
		{710719ED-94B9-40FD-88EB-E56548059A6F}.Debug|x64.Build.0 = Debug|x64
		{710719ED-94B9-40FD-88EB-E56548059A6F}.Debug|x86.ActiveCfg = Debug|Win32
		{710719ED-94B9-40FD-88EB-E56548059A6F}.Debug|x86.Build.0 = Debug|Win32
		{710719ED-94B9-40FD-88EB-E56548059A6F}.Release|x64.ActiveCfg = Release|x64
		{710719ED-94B9-40FD-88EB-E56548059A6F}.Release|x64.Build.0 = Release|x64
		{710719ED-94B9-40FD-88EB-E56548059A6F}.Release|x86.ActiveCfg = Release|Win32
		{710719ED-94B9-40FD-88EB-E56548059A6F}.Release|x86.Build.0 = Release|Win32
	EndGlobalSection
	GlobalSection(SolutionProperties) = preSolution
		HideSolutionNode = FALSE
	EndGlobalSection
	GlobalSection(NestedProjects) = preSolution
		{4B4A8DB1-0634-473D-8105-1EB009255B83} = {187C9AB2-A51A-4F4E-8516-6664658C53BC}
		{6E858018-C15A-4DCB-A872-F9FCCED46216} = {187C9AB2-A51A-4F4E-8516-6664658C53BC}
		{10D45A31-DE46-4F10-924B-EFEB0F19CB79} = {187C9AB2-A51A-4F4E-8516-6664658C53BC}
		{411A0584-16DD-4F11-9320-702809A76EEF} = {187C9AB2-A51A-4F4E-8516-6664658C53BC}
		{8F9097EB-63D8-4DF6-A467-A7D74FF46147} = {187C9AB2-A51A-4F4E-8516-6664658C53BC}
		{187C9AB2-A51A-4F4E-8516-6664658C53BC} = {8A6721A2-EE02-4939-A674-DEC06AB90C39}
		{6392AEDA-8F38-4FDC-8D53-BFC7E40DA7B9} = {8A6721A2-EE02-4939-A674-DEC06AB90C39}
		{88EA5150-1C09-488D-B974-95FFD49AB264} = {6392AEDA-8F38-4FDC-8D53-BFC7E40DA7B9}
		{31E98E33-C616-4E24-B22B-5481D8331DA2} = {6392AEDA-8F38-4FDC-8D53-BFC7E40DA7B9}
		{3BD2DB84-07FF-4FCD-855C-AEAC398865B3} = {6392AEDA-8F38-4FDC-8D53-BFC7E40DA7B9}
		{38C0C053-252E-4B77-9619-814296ABAFC5} = {6392AEDA-8F38-4FDC-8D53-BFC7E40DA7B9}
		{BC9EA0DC-2F1F-429F-91EA-111B3B990908} = {6392AEDA-8F38-4FDC-8D53-BFC7E40DA7B9}
		{11E9E001-57F6-4382-9655-9660B98DB8F9} = {8A6721A2-EE02-4939-A674-DEC06AB90C39}
		{4E75B350-C2B6-41A2-9AB1-0FA8EFED917A} = {11E9E001-57F6-4382-9655-9660B98DB8F9}
		{982AE53B-78C2-4A67-A720-B2EF99F75B61} = {11E9E001-57F6-4382-9655-9660B98DB8F9}
		{F61F6521-1325-4154-9D3D-AA15CFA7037D} = {11E9E001-57F6-4382-9655-9660B98DB8F9}
		{710719ED-94B9-40FD-88EB-E56548059A6F} = {11E9E001-57F6-4382-9655-9660B98DB8F9}
	EndGlobalSection
	GlobalSection(ExtensibilityGlobals) = postSolution
		SolutionGuid = {F8AFAC8F-65E7-4AE5-B088-EB3435C2A29A}
	EndGlobalSection
EndGlobal
