
Microsoft Visual Studio Solution File, Format Version 12.00
# Visual Studio Version 17
VisualStudioVersion = 17.10.34928.147
MinimumVisualStudioVersion = 10.0.40219.1
Project("{8BC9CEB8-8B4A-11D0-8D11-00A0C91BC942}") = "PrintString", "PrintString\PrintString.vcxproj", "{4B4A8DB1-0634-473D-8105-1EB009255B83}"
EndProject
Project("{2150E333-8FDC-42A3-9474-1A3956D46DE8}") = "Basic", "Basic", "{8A6721A2-EE02-4939-A674-DEC06AB90C39}"
EndProject
Project("{8BC9CEB8-8B4A-11D0-8D11-00A0C91BC942}") = "Print_A_B", "Print_A_B\Print_A_B.vcxproj", "{6E858018-C15A-4DCB-A872-F9FCCED46216}"
EndProject
Project("{8BC9CEB8-8B4A-11D0-8D11-00A0C91BC942}") = "PrintRepeatString", "PrintRepeatString\PrintRepeatString.vcxproj", "{10D45A31-DE46-4F10-924B-EFEB0F19CB79}"
EndProject
Global
	GlobalSection(SolutionConfigurationPlatforms) = preSolution
		Debug|x64 = Debug|x64
		Debug|x86 = Debug|x86
		Release|x64 = Release|x64
		Release|x86 = Release|x86
	EndGlobalSection
	GlobalSection(ProjectConfigurationPlatforms) = postSolution
		{4B4A8DB1-0634-473D-8105-1EB009255B83}.Debug|x64.ActiveCfg = Debug|x64
		{4B4A8DB1-0634-473D-8105-1EB009255B83}.Debug|x64.Build.0 = Debug|x64
		{4B4A8DB1-0634-473D-8105-1EB009255B83}.Debug|x86.ActiveCfg = Debug|Win32
		{4B4A8DB1-0634-473D-8105-1EB009255B83}.Debug|x86.Build.0 = Debug|Win32
		{4B4A8DB1-0634-473D-8105-1EB009255B83}.Release|x64.ActiveCfg = Release|x64
		{4B4A8DB1-0634-473D-8105-1EB009255B83}.Release|x64.Build.0 = Release|x64
		{4B4A8DB1-0634-473D-8105-1EB009255B83}.Release|x86.ActiveCfg = Release|Win32
		{4B4A8DB1-0634-473D-8105-1EB009255B83}.Release|x86.Build.0 = Release|Win32
		{6E858018-C15A-4DCB-A872-F9FCCED46216}.Debug|x64.ActiveCfg = Debug|x64
		{6E858018-C15A-4DCB-A872-F9FCCED46216}.Debug|x64.Build.0 = Debug|x64
		{6E858018-C15A-4DCB-A872-F9FCCED46216}.Debug|x86.ActiveCfg = Debug|Win32
		{6E858018-C15A-4DCB-A872-F9FCCED46216}.Debug|x86.Build.0 = Debug|Win32
		{6E858018-C15A-4DCB-A872-F9FCCED46216}.Release|x64.ActiveCfg = Release|x64
		{6E858018-C15A-4DCB-A872-F9FCCED46216}.Release|x64.Build.0 = Release|x64
		{6E858018-C15A-4DCB-A872-F9FCCED46216}.Release|x86.ActiveCfg = Release|Win32
		{6E858018-C15A-4DCB-A872-F9FCCED46216}.Release|x86.Build.0 = Release|Win32
		{10D45A31-DE46-4F10-924B-EFEB0F19CB79}.Debug|x64.ActiveCfg = Debug|x64
		{10D45A31-DE46-4F10-924B-EFEB0F19CB79}.Debug|x64.Build.0 = Debug|x64
		{10D45A31-DE46-4F10-924B-EFEB0F19CB79}.Debug|x86.ActiveCfg = Debug|Win32
		{10D45A31-DE46-4F10-924B-EFEB0F19CB79}.Debug|x86.Build.0 = Debug|Win32
		{10D45A31-DE46-4F10-924B-EFEB0F19CB79}.Release|x64.ActiveCfg = Release|x64
		{10D45A31-DE46-4F10-924B-EFEB0F19CB79}.Release|x64.Build.0 = Release|x64
		{10D45A31-DE46-4F10-924B-EFEB0F19CB79}.Release|x86.ActiveCfg = Release|Win32
		{10D45A31-DE46-4F10-924B-EFEB0F19CB79}.Release|x86.Build.0 = Release|Win32
	EndGlobalSection
	GlobalSection(SolutionProperties) = preSolution
		HideSolutionNode = FALSE
	EndGlobalSection
	GlobalSection(NestedProjects) = preSolution
		{4B4A8DB1-0634-473D-8105-1EB009255B83} = {8A6721A2-EE02-4939-A674-DEC06AB90C39}
		{6E858018-C15A-4DCB-A872-F9FCCED46216} = {8A6721A2-EE02-4939-A674-DEC06AB90C39}
	EndGlobalSection
	GlobalSection(ExtensibilityGlobals) = postSolution
		SolutionGuid = {F8AFAC8F-65E7-4AE5-B088-EB3435C2A29A}
	EndGlobalSection
EndGlobal
